// !$*UTF8*$!
{
	archiveVersion = 1;
	classes = {
	};
	objectVersion = 46;
	objects = {

/* Begin PBXBuildFile section */
		0A4A84761C35F129003B372D /* CKNotificationKit.h in Headers */ = {isa = PBXBuildFile; fileRef = 0A4A84751C35F129003B372D /* CKNotificationKit.h */; settings = {ATTRIBUTES = (Public, ); }; };
		0A4A84861C35F8FB003B372D /* CKPushNotificationProcessor.swift in Sources */ = {isa = PBXBuildFile; fileRef = 0A4A84851C35F8FB003B372D /* CKPushNotificationProcessor.swift */; };
		0A4A84881C35FA5E003B372D /* CKPushNotificationRouter.swift in Sources */ = {isa = PBXBuildFile; fileRef = 0A4A84871C35FA5E003B372D /* CKPushNotificationRouter.swift */; };
		0A5147D11C3610A9000F9FE8 /* CKNotificationKit.framework in Frameworks */ = {isa = PBXBuildFile; fileRef = 0A4A84721C35F129003B372D /* CKNotificationKit.framework */; };
		0A5147DC1C361207000F9FE8 /* CKPushNotificationRouterSpec.swift in Sources */ = {isa = PBXBuildFile; fileRef = 0A5147DB1C361207000F9FE8 /* CKPushNotificationRouterSpec.swift */; };
		0A5147E41C3622DC000F9FE8 /* AppDelegate.swift in Sources */ = {isa = PBXBuildFile; fileRef = 0A5147E31C3622DC000F9FE8 /* AppDelegate.swift */; };
		0A5147E61C3622DC000F9FE8 /* ViewController.swift in Sources */ = {isa = PBXBuildFile; fileRef = 0A5147E51C3622DC000F9FE8 /* ViewController.swift */; };
		0A5147E91C3622DC000F9FE8 /* Main.storyboard in Resources */ = {isa = PBXBuildFile; fileRef = 0A5147E71C3622DC000F9FE8 /* Main.storyboard */; };
		0A5147EB1C3622DC000F9FE8 /* Assets.xcassets in Resources */ = {isa = PBXBuildFile; fileRef = 0A5147EA1C3622DC000F9FE8 /* Assets.xcassets */; };
		0A5147EE1C3622DC000F9FE8 /* LaunchScreen.storyboard in Resources */ = {isa = PBXBuildFile; fileRef = 0A5147EC1C3622DC000F9FE8 /* LaunchScreen.storyboard */; };
		0A5147F81C3623E4000F9FE8 /* CKGreetingNotificationProcessor.swift in Sources */ = {isa = PBXBuildFile; fileRef = 0A5147F71C3623E4000F9FE8 /* CKGreetingNotificationProcessor.swift */; };
		0A5147FC1C362629000F9FE8 /* CKWarningNotificationProcessor.m in Sources */ = {isa = PBXBuildFile; fileRef = 0A5147FB1C362629000F9FE8 /* CKWarningNotificationProcessor.m */; };
		3E90E0517A3C728208345C86 /* Pods_CKNotificationKitTests.framework in Frameworks */ = {isa = PBXBuildFile; fileRef = E9EA7A959C7510F577FF8612 /* Pods_CKNotificationKitTests.framework */; };
		76945BAD09459A700448340D /* Pods_Sample.framework in Frameworks */ = {isa = PBXBuildFile; fileRef = FAC9653A58ABF9CABB14A5E7 /* Pods_Sample.framework */; };
		CBE616D4DF15AA4D5D409EAA /* Pods_CKNotificationKit.framework in Frameworks */ = {isa = PBXBuildFile; fileRef = C9775552AAE6255E31E209C9 /* Pods_CKNotificationKit.framework */; };
/* End PBXBuildFile section */

/* Begin PBXContainerItemProxy section */
		0A5147D21C3610A9000F9FE8 /* PBXContainerItemProxy */ = {
			isa = PBXContainerItemProxy;
			containerPortal = 0A4A84691C35F129003B372D /* Project object */;
			proxyType = 1;
			remoteGlobalIDString = 0A4A84711C35F129003B372D;
			remoteInfo = CKNotificationKit;
		};
		0A5147F31C362333000F9FE8 /* PBXContainerItemProxy */ = {
			isa = PBXContainerItemProxy;
			containerPortal = 0A4A84691C35F129003B372D /* Project object */;
			proxyType = 1;
			remoteGlobalIDString = 0A4A84711C35F129003B372D;
			remoteInfo = CKNotificationKit;
		};
/* End PBXContainerItemProxy section */

/* Begin PBXFileReference section */
		02C681A214088245629A2679 /* Pods-Sample.debug.xcconfig */ = {isa = PBXFileReference; includeInIndex = 1; lastKnownFileType = text.xcconfig; name = "Pods-Sample.debug.xcconfig"; path = "Pods/Target Support Files/Pods-Sample/Pods-Sample.debug.xcconfig"; sourceTree = "<group>"; };
		0A4A84721C35F129003B372D /* CKNotificationKit.framework */ = {isa = PBXFileReference; explicitFileType = wrapper.framework; includeInIndex = 0; path = CKNotificationKit.framework; sourceTree = BUILT_PRODUCTS_DIR; };
		0A4A84751C35F129003B372D /* CKNotificationKit.h */ = {isa = PBXFileReference; lastKnownFileType = sourcecode.c.h; path = CKNotificationKit.h; sourceTree = "<group>"; };
		0A4A84771C35F129003B372D /* Info.plist */ = {isa = PBXFileReference; lastKnownFileType = text.plist.xml; path = Info.plist; sourceTree = "<group>"; };
		0A4A84851C35F8FB003B372D /* CKPushNotificationProcessor.swift */ = {isa = PBXFileReference; fileEncoding = 4; lastKnownFileType = sourcecode.swift; path = CKPushNotificationProcessor.swift; sourceTree = "<group>"; };
		0A4A84871C35FA5E003B372D /* CKPushNotificationRouter.swift */ = {isa = PBXFileReference; fileEncoding = 4; lastKnownFileType = sourcecode.swift; path = CKPushNotificationRouter.swift; sourceTree = "<group>"; };
		0A5147CC1C3610A9000F9FE8 /* CKNotificationKitTests.xctest */ = {isa = PBXFileReference; explicitFileType = wrapper.cfbundle; includeInIndex = 0; path = CKNotificationKitTests.xctest; sourceTree = BUILT_PRODUCTS_DIR; };
		0A5147D01C3610A9000F9FE8 /* Info.plist */ = {isa = PBXFileReference; lastKnownFileType = text.plist.xml; path = Info.plist; sourceTree = "<group>"; };
		0A5147DB1C361207000F9FE8 /* CKPushNotificationRouterSpec.swift */ = {isa = PBXFileReference; fileEncoding = 4; lastKnownFileType = sourcecode.swift; path = CKPushNotificationRouterSpec.swift; sourceTree = "<group>"; };
		0A5147E11C3622DC000F9FE8 /* Sample.app */ = {isa = PBXFileReference; explicitFileType = wrapper.application; includeInIndex = 0; path = Sample.app; sourceTree = BUILT_PRODUCTS_DIR; };
		0A5147E31C3622DC000F9FE8 /* AppDelegate.swift */ = {isa = PBXFileReference; lastKnownFileType = sourcecode.swift; path = AppDelegate.swift; sourceTree = "<group>"; };
		0A5147E51C3622DC000F9FE8 /* ViewController.swift */ = {isa = PBXFileReference; lastKnownFileType = sourcecode.swift; path = ViewController.swift; sourceTree = "<group>"; };
		0A5147E81C3622DC000F9FE8 /* Base */ = {isa = PBXFileReference; lastKnownFileType = file.storyboard; name = Base; path = Base.lproj/Main.storyboard; sourceTree = "<group>"; };
		0A5147EA1C3622DC000F9FE8 /* Assets.xcassets */ = {isa = PBXFileReference; lastKnownFileType = folder.assetcatalog; path = Assets.xcassets; sourceTree = "<group>"; };
		0A5147ED1C3622DC000F9FE8 /* Base */ = {isa = PBXFileReference; lastKnownFileType = file.storyboard; name = Base; path = Base.lproj/LaunchScreen.storyboard; sourceTree = "<group>"; };
		0A5147EF1C3622DC000F9FE8 /* Info.plist */ = {isa = PBXFileReference; lastKnownFileType = text.plist.xml; path = Info.plist; sourceTree = "<group>"; };
		0A5147F71C3623E4000F9FE8 /* CKGreetingNotificationProcessor.swift */ = {isa = PBXFileReference; fileEncoding = 4; lastKnownFileType = sourcecode.swift; path = CKGreetingNotificationProcessor.swift; sourceTree = "<group>"; };
		0A5147FA1C362629000F9FE8 /* CKWarningNotificationProcessor.h */ = {isa = PBXFileReference; fileEncoding = 4; lastKnownFileType = sourcecode.c.h; path = CKWarningNotificationProcessor.h; sourceTree = "<group>"; };
		0A5147FB1C362629000F9FE8 /* CKWarningNotificationProcessor.m */ = {isa = PBXFileReference; fileEncoding = 4; lastKnownFileType = sourcecode.c.objc; path = CKWarningNotificationProcessor.m; sourceTree = "<group>"; };
		0A5147FD1C362648000F9FE8 /* Sample-Bridging-Header.h */ = {isa = PBXFileReference; fileEncoding = 4; lastKnownFileType = sourcecode.c.h; path = "Sample-Bridging-Header.h"; sourceTree = "<group>"; };
		1EE6EFDAAE35EF0EA4363445 /* Pods.framework */ = {isa = PBXFileReference; explicitFileType = wrapper.framework; includeInIndex = 0; path = Pods.framework; sourceTree = BUILT_PRODUCTS_DIR; };
		503184E3EBE51750EBD526A1 /* Pods-Sample.release.xcconfig */ = {isa = PBXFileReference; includeInIndex = 1; lastKnownFileType = text.xcconfig; name = "Pods-Sample.release.xcconfig"; path = "Pods/Target Support Files/Pods-Sample/Pods-Sample.release.xcconfig"; sourceTree = "<group>"; };
		5AFFC422BAC043BDEC4B3C53 /* Pods-CKNotificationKit.debug.xcconfig */ = {isa = PBXFileReference; includeInIndex = 1; lastKnownFileType = text.xcconfig; name = "Pods-CKNotificationKit.debug.xcconfig"; path = "Pods/Target Support Files/Pods-CKNotificationKit/Pods-CKNotificationKit.debug.xcconfig"; sourceTree = "<group>"; };
		6C55FBABDB7700CD7798F9AB /* Pods-CKNotificationKitTests.debug.xcconfig */ = {isa = PBXFileReference; includeInIndex = 1; lastKnownFileType = text.xcconfig; name = "Pods-CKNotificationKitTests.debug.xcconfig"; path = "Pods/Target Support Files/Pods-CKNotificationKitTests/Pods-CKNotificationKitTests.debug.xcconfig"; sourceTree = "<group>"; };
		C9775552AAE6255E31E209C9 /* Pods_CKNotificationKit.framework */ = {isa = PBXFileReference; explicitFileType = wrapper.framework; includeInIndex = 0; path = Pods_CKNotificationKit.framework; sourceTree = BUILT_PRODUCTS_DIR; };
		D5481521FF74EB44BE572587 /* Pods-CKNotificationKit.release.xcconfig */ = {isa = PBXFileReference; includeInIndex = 1; lastKnownFileType = text.xcconfig; name = "Pods-CKNotificationKit.release.xcconfig"; path = "Pods/Target Support Files/Pods-CKNotificationKit/Pods-CKNotificationKit.release.xcconfig"; sourceTree = "<group>"; };
		E9EA7A959C7510F577FF8612 /* Pods_CKNotificationKitTests.framework */ = {isa = PBXFileReference; explicitFileType = wrapper.framework; includeInIndex = 0; path = Pods_CKNotificationKitTests.framework; sourceTree = BUILT_PRODUCTS_DIR; };
		FAC9653A58ABF9CABB14A5E7 /* Pods_Sample.framework */ = {isa = PBXFileReference; explicitFileType = wrapper.framework; includeInIndex = 0; path = Pods_Sample.framework; sourceTree = BUILT_PRODUCTS_DIR; };
		FE9DCECC6DFBA96AB84D6AEF /* Pods-CKNotificationKitTests.release.xcconfig */ = {isa = PBXFileReference; includeInIndex = 1; lastKnownFileType = text.xcconfig; name = "Pods-CKNotificationKitTests.release.xcconfig"; path = "Pods/Target Support Files/Pods-CKNotificationKitTests/Pods-CKNotificationKitTests.release.xcconfig"; sourceTree = "<group>"; };
/* End PBXFileReference section */

/* Begin PBXFrameworksBuildPhase section */
		0A4A846E1C35F129003B372D /* Frameworks */ = {
			isa = PBXFrameworksBuildPhase;
			buildActionMask = 2147483647;
			files = (
				CBE616D4DF15AA4D5D409EAA /* Pods_CKNotificationKit.framework in Frameworks */,
			);
			runOnlyForDeploymentPostprocessing = 0;
		};
		0A5147C91C3610A9000F9FE8 /* Frameworks */ = {
			isa = PBXFrameworksBuildPhase;
			buildActionMask = 2147483647;
			files = (
				0A5147D11C3610A9000F9FE8 /* CKNotificationKit.framework in Frameworks */,
				3E90E0517A3C728208345C86 /* Pods_CKNotificationKitTests.framework in Frameworks */,
			);
			runOnlyForDeploymentPostprocessing = 0;
		};
		0A5147DE1C3622DC000F9FE8 /* Frameworks */ = {
			isa = PBXFrameworksBuildPhase;
			buildActionMask = 2147483647;
			files = (
				76945BAD09459A700448340D /* Pods_Sample.framework in Frameworks */,
			);
			runOnlyForDeploymentPostprocessing = 0;
		};
/* End PBXFrameworksBuildPhase section */

/* Begin PBXGroup section */
		0A4A84681C35F129003B372D = {
			isa = PBXGroup;
			children = (
				0A4A84741C35F129003B372D /* CKNotificationKit */,
				0A5147CD1C3610A9000F9FE8 /* CKNotificationKitTests */,
				0A5147E21C3622DC000F9FE8 /* Sample */,
				0A4A84731C35F129003B372D /* Products */,
				19E06D2562ED59A3F88F5D3C /* Frameworks */,
				F3F1FD5CEFD759B7550D49B2 /* Pods */,
			);
			sourceTree = "<group>";
		};
		0A4A84731C35F129003B372D /* Products */ = {
			isa = PBXGroup;
			children = (
				0A4A84721C35F129003B372D /* CKNotificationKit.framework */,
				0A5147CC1C3610A9000F9FE8 /* CKNotificationKitTests.xctest */,
				0A5147E11C3622DC000F9FE8 /* Sample.app */,
			);
			name = Products;
			sourceTree = "<group>";
		};
		0A4A84741C35F129003B372D /* CKNotificationKit */ = {
			isa = PBXGroup;
			children = (
				0A4A84751C35F129003B372D /* CKNotificationKit.h */,
				0A4A847E1C35F7E4003B372D /* Sources */,
				0A4A84771C35F129003B372D /* Info.plist */,
			);
			path = CKNotificationKit;
			sourceTree = "<group>";
		};
		0A4A847E1C35F7E4003B372D /* Sources */ = {
			isa = PBXGroup;
			children = (
				0A4A847F1C35F7E4003B372D /* Local */,
				0A4A84811C35F7E4003B372D /* Remote */,
			);
			path = Sources;
			sourceTree = "<group>";
		};
		0A4A847F1C35F7E4003B372D /* Local */ = {
			isa = PBXGroup;
			children = (
			);
			path = Local;
			sourceTree = "<group>";
		};
		0A4A84811C35F7E4003B372D /* Remote */ = {
			isa = PBXGroup;
			children = (
				0A4A84851C35F8FB003B372D /* CKPushNotificationProcessor.swift */,
				0A4A84871C35FA5E003B372D /* CKPushNotificationRouter.swift */,
			);
			path = Remote;
			sourceTree = "<group>";
		};
		0A5147CD1C3610A9000F9FE8 /* CKNotificationKitTests */ = {
			isa = PBXGroup;
			children = (
				0A5147D91C361207000F9FE8 /* Tests */,
				0A5147D01C3610A9000F9FE8 /* Info.plist */,
			);
			path = CKNotificationKitTests;
			sourceTree = "<group>";
		};
		0A5147D91C361207000F9FE8 /* Tests */ = {
			isa = PBXGroup;
			children = (
				0A5147DA1C361207000F9FE8 /* Remote */,
			);
			path = Tests;
			sourceTree = "<group>";
		};
		0A5147DA1C361207000F9FE8 /* Remote */ = {
			isa = PBXGroup;
			children = (
				0A5147DB1C361207000F9FE8 /* CKPushNotificationRouterSpec.swift */,
			);
			path = Remote;
			sourceTree = "<group>";
		};
		0A5147E21C3622DC000F9FE8 /* Sample */ = {
			isa = PBXGroup;
			children = (
				0A5147FD1C362648000F9FE8 /* Sample-Bridging-Header.h */,
				0A5147F51C3623B2000F9FE8 /* Classes */,
				0A5147E31C3622DC000F9FE8 /* AppDelegate.swift */,
				0A5147E51C3622DC000F9FE8 /* ViewController.swift */,
				0A5147E71C3622DC000F9FE8 /* Main.storyboard */,
				0A5147EA1C3622DC000F9FE8 /* Assets.xcassets */,
				0A5147EC1C3622DC000F9FE8 /* LaunchScreen.storyboard */,
				0A5147EF1C3622DC000F9FE8 /* Info.plist */,
			);
			path = Sample;
			sourceTree = "<group>";
		};
		0A5147F51C3623B2000F9FE8 /* Classes */ = {
			isa = PBXGroup;
			children = (
				0A5147F61C3623C2000F9FE8 /* Processors */,
			);
			path = Classes;
			sourceTree = "<group>";
		};
		0A5147F61C3623C2000F9FE8 /* Processors */ = {
			isa = PBXGroup;
			children = (
				0A5147F71C3623E4000F9FE8 /* CKGreetingNotificationProcessor.swift */,
				0A5147FA1C362629000F9FE8 /* CKWarningNotificationProcessor.h */,
				0A5147FB1C362629000F9FE8 /* CKWarningNotificationProcessor.m */,
			);
			path = Processors;
			sourceTree = "<group>";
		};
		19E06D2562ED59A3F88F5D3C /* Frameworks */ = {
			isa = PBXGroup;
			children = (
				1EE6EFDAAE35EF0EA4363445 /* Pods.framework */,
				C9775552AAE6255E31E209C9 /* Pods_CKNotificationKit.framework */,
				E9EA7A959C7510F577FF8612 /* Pods_CKNotificationKitTests.framework */,
				FAC9653A58ABF9CABB14A5E7 /* Pods_Sample.framework */,
			);
			name = Frameworks;
			sourceTree = "<group>";
		};
		F3F1FD5CEFD759B7550D49B2 /* Pods */ = {
			isa = PBXGroup;
			children = (
				5AFFC422BAC043BDEC4B3C53 /* Pods-CKNotificationKit.debug.xcconfig */,
				D5481521FF74EB44BE572587 /* Pods-CKNotificationKit.release.xcconfig */,
				6C55FBABDB7700CD7798F9AB /* Pods-CKNotificationKitTests.debug.xcconfig */,
				FE9DCECC6DFBA96AB84D6AEF /* Pods-CKNotificationKitTests.release.xcconfig */,
				02C681A214088245629A2679 /* Pods-Sample.debug.xcconfig */,
				503184E3EBE51750EBD526A1 /* Pods-Sample.release.xcconfig */,
			);
			name = Pods;
			sourceTree = "<group>";
		};
/* End PBXGroup section */

/* Begin PBXHeadersBuildPhase section */
		0A4A846F1C35F129003B372D /* Headers */ = {
			isa = PBXHeadersBuildPhase;
			buildActionMask = 2147483647;
			files = (
				0A4A84761C35F129003B372D /* CKNotificationKit.h in Headers */,
			);
			runOnlyForDeploymentPostprocessing = 0;
		};
/* End PBXHeadersBuildPhase section */

/* Begin PBXNativeTarget section */
		0A4A84711C35F129003B372D /* CKNotificationKit */ = {
			isa = PBXNativeTarget;
			buildConfigurationList = 0A4A847A1C35F129003B372D /* Build configuration list for PBXNativeTarget "CKNotificationKit" */;
			buildPhases = (
				9C147F841AC5A02E739543DC /* [CP] Check Pods Manifest.lock */,
				0A4A846D1C35F129003B372D /* Sources */,
				0A4A846E1C35F129003B372D /* Frameworks */,
				0A4A846F1C35F129003B372D /* Headers */,
				0A4A84701C35F129003B372D /* Resources */,
				1C99FC59371AD9F42CFCEE91 /* [CP] Copy Pods Resources */,
			);
			buildRules = (
			);
			dependencies = (
			);
			name = CKNotificationKit;
			productName = CKNotificationKit;
			productReference = 0A4A84721C35F129003B372D /* CKNotificationKit.framework */;
			productType = "com.apple.product-type.framework";
		};
		0A5147CB1C3610A9000F9FE8 /* CKNotificationKitTests */ = {
			isa = PBXNativeTarget;
			buildConfigurationList = 0A5147D61C3610A9000F9FE8 /* Build configuration list for PBXNativeTarget "CKNotificationKitTests" */;
			buildPhases = (
				C74FF4E96073EA853DA78AAA /* [CP] Check Pods Manifest.lock */,
				0A5147C81C3610A9000F9FE8 /* Sources */,
				0A5147C91C3610A9000F9FE8 /* Frameworks */,
				0A5147CA1C3610A9000F9FE8 /* Resources */,
				9DC6AA80A18F517DD144282A /* [CP] Embed Pods Frameworks */,
				D2F4FA03FC6022AEA70964D5 /* [CP] Copy Pods Resources */,
			);
			buildRules = (
			);
			dependencies = (
				0A5147D31C3610A9000F9FE8 /* PBXTargetDependency */,
			);
			name = CKNotificationKitTests;
			productName = CKNotificationKitTests;
			productReference = 0A5147CC1C3610A9000F9FE8 /* CKNotificationKitTests.xctest */;
			productType = "com.apple.product-type.bundle.unit-test";
		};
		0A5147E01C3622DC000F9FE8 /* Sample */ = {
			isa = PBXNativeTarget;
			buildConfigurationList = 0A5147F21C3622DC000F9FE8 /* Build configuration list for PBXNativeTarget "Sample" */;
			buildPhases = (
				848058294223BDD9FAEB66A8 /* [CP] Check Pods Manifest.lock */,
				0A5147DD1C3622DC000F9FE8 /* Sources */,
				0A5147DE1C3622DC000F9FE8 /* Frameworks */,
				0A5147DF1C3622DC000F9FE8 /* Resources */,
				A53D1572C20B1359A30A39A8 /* [CP] Embed Pods Frameworks */,
				196F1208B7BC16A679F30990 /* [CP] Copy Pods Resources */,
			);
			buildRules = (
			);
			dependencies = (
				0A5147F41C362333000F9FE8 /* PBXTargetDependency */,
			);
			name = Sample;
			productName = Sample;
			productReference = 0A5147E11C3622DC000F9FE8 /* Sample.app */;
			productType = "com.apple.product-type.application";
		};
/* End PBXNativeTarget section */

/* Begin PBXProject section */
		0A4A84691C35F129003B372D /* Project object */ = {
			isa = PBXProject;
			attributes = {
				LastSwiftUpdateCheck = 0720;
				LastUpgradeCheck = 0820;
				ORGANIZATIONNAME = "Kevin Chen";
				TargetAttributes = {
					0A4A84711C35F129003B372D = {
						CreatedOnToolsVersion = 7.2;
						DevelopmentTeam = H573L27DJM;
					};
					0A5147CB1C3610A9000F9FE8 = {
						CreatedOnToolsVersion = 7.2;
						DevelopmentTeam = H573L27DJM;
					};
					0A5147E01C3622DC000F9FE8 = {
						CreatedOnToolsVersion = 7.2;
						DevelopmentTeam = H573L27DJM;
					};
				};
			};
			buildConfigurationList = 0A4A846C1C35F129003B372D /* Build configuration list for PBXProject "CKNotificationKit" */;
			compatibilityVersion = "Xcode 3.2";
			developmentRegion = English;
			hasScannedForEncodings = 0;
			knownRegions = (
				en,
				Base,
			);
			mainGroup = 0A4A84681C35F129003B372D;
			productRefGroup = 0A4A84731C35F129003B372D /* Products */;
			projectDirPath = "";
			projectRoot = "";
			targets = (
				0A4A84711C35F129003B372D /* CKNotificationKit */,
				0A5147CB1C3610A9000F9FE8 /* CKNotificationKitTests */,
				0A5147E01C3622DC000F9FE8 /* Sample */,
			);
		};
/* End PBXProject section */

/* Begin PBXResourcesBuildPhase section */
		0A4A84701C35F129003B372D /* Resources */ = {
			isa = PBXResourcesBuildPhase;
			buildActionMask = 2147483647;
			files = (
			);
			runOnlyForDeploymentPostprocessing = 0;
		};
		0A5147CA1C3610A9000F9FE8 /* Resources */ = {
			isa = PBXResourcesBuildPhase;
			buildActionMask = 2147483647;
			files = (
			);
			runOnlyForDeploymentPostprocessing = 0;
		};
		0A5147DF1C3622DC000F9FE8 /* Resources */ = {
			isa = PBXResourcesBuildPhase;
			buildActionMask = 2147483647;
			files = (
				0A5147EE1C3622DC000F9FE8 /* LaunchScreen.storyboard in Resources */,
				0A5147EB1C3622DC000F9FE8 /* Assets.xcassets in Resources */,
				0A5147E91C3622DC000F9FE8 /* Main.storyboard in Resources */,
			);
			runOnlyForDeploymentPostprocessing = 0;
		};
/* End PBXResourcesBuildPhase section */

/* Begin PBXShellScriptBuildPhase section */
		196F1208B7BC16A679F30990 /* [CP] Copy Pods Resources */ = {
			isa = PBXShellScriptBuildPhase;
			buildActionMask = 2147483647;
			files = (
			);
			inputPaths = (
			);
			name = "[CP] Copy Pods Resources";
			outputPaths = (
			);
			runOnlyForDeploymentPostprocessing = 0;
			shellPath = /bin/sh;
			shellScript = "\"${SRCROOT}/Pods/Target Support Files/Pods-Sample/Pods-Sample-resources.sh\"\n";
			showEnvVarsInLog = 0;
		};
		1C99FC59371AD9F42CFCEE91 /* [CP] Copy Pods Resources */ = {
			isa = PBXShellScriptBuildPhase;
			buildActionMask = 2147483647;
			files = (
			);
			inputPaths = (
			);
			name = "[CP] Copy Pods Resources";
			outputPaths = (
			);
			runOnlyForDeploymentPostprocessing = 0;
			shellPath = /bin/sh;
			shellScript = "\"${SRCROOT}/Pods/Target Support Files/Pods-CKNotificationKit/Pods-CKNotificationKit-resources.sh\"\n";
			showEnvVarsInLog = 0;
		};
		848058294223BDD9FAEB66A8 /* [CP] Check Pods Manifest.lock */ = {
			isa = PBXShellScriptBuildPhase;
			buildActionMask = 2147483647;
			files = (
			);
			inputPaths = (
			);
			name = "[CP] Check Pods Manifest.lock";
			outputPaths = (
			);
			runOnlyForDeploymentPostprocessing = 0;
			shellPath = /bin/sh;
			shellScript = "diff \"${PODS_ROOT}/../Podfile.lock\" \"${PODS_ROOT}/Manifest.lock\" > /dev/null\nif [ $? != 0 ] ; then\n    # print error to STDERR\n    echo \"error: The sandbox is not in sync with the Podfile.lock. Run 'pod install' or update your CocoaPods installation.\" >&2\n    exit 1\nfi\n";
			showEnvVarsInLog = 0;
		};
		9C147F841AC5A02E739543DC /* [CP] Check Pods Manifest.lock */ = {
			isa = PBXShellScriptBuildPhase;
			buildActionMask = 2147483647;
			files = (
			);
			inputPaths = (
			);
			name = "[CP] Check Pods Manifest.lock";
			outputPaths = (
			);
			runOnlyForDeploymentPostprocessing = 0;
			shellPath = /bin/sh;
			shellScript = "diff \"${PODS_ROOT}/../Podfile.lock\" \"${PODS_ROOT}/Manifest.lock\" > /dev/null\nif [ $? != 0 ] ; then\n    # print error to STDERR\n    echo \"error: The sandbox is not in sync with the Podfile.lock. Run 'pod install' or update your CocoaPods installation.\" >&2\n    exit 1\nfi\n";
			showEnvVarsInLog = 0;
		};
		9DC6AA80A18F517DD144282A /* [CP] Embed Pods Frameworks */ = {
			isa = PBXShellScriptBuildPhase;
			buildActionMask = 2147483647;
			files = (
			);
			inputPaths = (
			);
			name = "[CP] Embed Pods Frameworks";
			outputPaths = (
			);
			runOnlyForDeploymentPostprocessing = 0;
			shellPath = /bin/sh;
			shellScript = "\"${SRCROOT}/Pods/Target Support Files/Pods-CKNotificationKitTests/Pods-CKNotificationKitTests-frameworks.sh\"\n";
			showEnvVarsInLog = 0;
		};
		A53D1572C20B1359A30A39A8 /* [CP] Embed Pods Frameworks */ = {
			isa = PBXShellScriptBuildPhase;
			buildActionMask = 2147483647;
			files = (
			);
			inputPaths = (
			);
			name = "[CP] Embed Pods Frameworks";
			outputPaths = (
			);
			runOnlyForDeploymentPostprocessing = 0;
			shellPath = /bin/sh;
			shellScript = "\"${SRCROOT}/Pods/Target Support Files/Pods-Sample/Pods-Sample-frameworks.sh\"\n";
			showEnvVarsInLog = 0;
		};
		C74FF4E96073EA853DA78AAA /* [CP] Check Pods Manifest.lock */ = {
			isa = PBXShellScriptBuildPhase;
			buildActionMask = 2147483647;
			files = (
			);
			inputPaths = (
			);
			name = "[CP] Check Pods Manifest.lock";
			outputPaths = (
			);
			runOnlyForDeploymentPostprocessing = 0;
			shellPath = /bin/sh;
			shellScript = "diff \"${PODS_ROOT}/../Podfile.lock\" \"${PODS_ROOT}/Manifest.lock\" > /dev/null\nif [ $? != 0 ] ; then\n    # print error to STDERR\n    echo \"error: The sandbox is not in sync with the Podfile.lock. Run 'pod install' or update your CocoaPods installation.\" >&2\n    exit 1\nfi\n";
			showEnvVarsInLog = 0;
		};
		D2F4FA03FC6022AEA70964D5 /* [CP] Copy Pods Resources */ = {
			isa = PBXShellScriptBuildPhase;
			buildActionMask = 2147483647;
			files = (
			);
			inputPaths = (
			);
			name = "[CP] Copy Pods Resources";
			outputPaths = (
			);
			runOnlyForDeploymentPostprocessing = 0;
			shellPath = /bin/sh;
			shellScript = "\"${SRCROOT}/Pods/Target Support Files/Pods-CKNotificationKitTests/Pods-CKNotificationKitTests-resources.sh\"\n";
			showEnvVarsInLog = 0;
		};
/* End PBXShellScriptBuildPhase section */

/* Begin PBXSourcesBuildPhase section */
		0A4A846D1C35F129003B372D /* Sources */ = {
			isa = PBXSourcesBuildPhase;
			buildActionMask = 2147483647;
			files = (
				0A4A84861C35F8FB003B372D /* CKPushNotificationProcessor.swift in Sources */,
				0A4A84881C35FA5E003B372D /* CKPushNotificationRouter.swift in Sources */,
			);
			runOnlyForDeploymentPostprocessing = 0;
		};
		0A5147C81C3610A9000F9FE8 /* Sources */ = {
			isa = PBXSourcesBuildPhase;
			buildActionMask = 2147483647;
			files = (
				0A5147DC1C361207000F9FE8 /* CKPushNotificationRouterSpec.swift in Sources */,
			);
			runOnlyForDeploymentPostprocessing = 0;
		};
		0A5147DD1C3622DC000F9FE8 /* Sources */ = {
			isa = PBXSourcesBuildPhase;
			buildActionMask = 2147483647;
			files = (
				0A5147FC1C362629000F9FE8 /* CKWarningNotificationProcessor.m in Sources */,
				0A5147F81C3623E4000F9FE8 /* CKGreetingNotificationProcessor.swift in Sources */,
				0A5147E61C3622DC000F9FE8 /* ViewController.swift in Sources */,
				0A5147E41C3622DC000F9FE8 /* AppDelegate.swift in Sources */,
			);
			runOnlyForDeploymentPostprocessing = 0;
		};
/* End PBXSourcesBuildPhase section */

/* Begin PBXTargetDependency section */
		0A5147D31C3610A9000F9FE8 /* PBXTargetDependency */ = {
			isa = PBXTargetDependency;
			target = 0A4A84711C35F129003B372D /* CKNotificationKit */;
			targetProxy = 0A5147D21C3610A9000F9FE8 /* PBXContainerItemProxy */;
		};
		0A5147F41C362333000F9FE8 /* PBXTargetDependency */ = {
			isa = PBXTargetDependency;
			target = 0A4A84711C35F129003B372D /* CKNotificationKit */;
			targetProxy = 0A5147F31C362333000F9FE8 /* PBXContainerItemProxy */;
		};
/* End PBXTargetDependency section */

/* Begin PBXVariantGroup section */
		0A5147E71C3622DC000F9FE8 /* Main.storyboard */ = {
			isa = PBXVariantGroup;
			children = (
				0A5147E81C3622DC000F9FE8 /* Base */,
			);
			name = Main.storyboard;
			sourceTree = "<group>";
		};
		0A5147EC1C3622DC000F9FE8 /* LaunchScreen.storyboard */ = {
			isa = PBXVariantGroup;
			children = (
				0A5147ED1C3622DC000F9FE8 /* Base */,
			);
			name = LaunchScreen.storyboard;
			sourceTree = "<group>";
		};
/* End PBXVariantGroup section */

/* Begin XCBuildConfiguration section */
		0A4A84781C35F129003B372D /* Debug */ = {
			isa = XCBuildConfiguration;
			buildSettings = {
				ALWAYS_SEARCH_USER_PATHS = NO;
				CLANG_CXX_LANGUAGE_STANDARD = "gnu++0x";
				CLANG_CXX_LIBRARY = "libc++";
				CLANG_ENABLE_MODULES = YES;
				CLANG_ENABLE_OBJC_ARC = YES;
				CLANG_WARN_BOOL_CONVERSION = YES;
				CLANG_WARN_CONSTANT_CONVERSION = YES;
				CLANG_WARN_DIRECT_OBJC_ISA_USAGE = YES_ERROR;
				CLANG_WARN_EMPTY_BODY = YES;
				CLANG_WARN_ENUM_CONVERSION = YES;
				CLANG_WARN_INFINITE_RECURSION = YES;
				CLANG_WARN_INT_CONVERSION = YES;
				CLANG_WARN_OBJC_ROOT_CLASS = YES_ERROR;
				CLANG_WARN_SUSPICIOUS_MOVE = YES;
				CLANG_WARN_UNREACHABLE_CODE = YES;
				CLANG_WARN__DUPLICATE_METHOD_MATCH = YES;
				"CODE_SIGN_IDENTITY[sdk=iphoneos*]" = "iPhone Developer";
				COPY_PHASE_STRIP = NO;
				CURRENT_PROJECT_VERSION = 1;
				DEBUG_INFORMATION_FORMAT = dwarf;
				ENABLE_STRICT_OBJC_MSGSEND = YES;
				ENABLE_TESTABILITY = YES;
				GCC_C_LANGUAGE_STANDARD = gnu99;
				GCC_DYNAMIC_NO_PIC = NO;
				GCC_NO_COMMON_BLOCKS = YES;
				GCC_OPTIMIZATION_LEVEL = 0;
				GCC_PREPROCESSOR_DEFINITIONS = (
					"DEBUG=1",
					"$(inherited)",
				);
				GCC_WARN_64_TO_32_BIT_CONVERSION = YES;
				GCC_WARN_ABOUT_RETURN_TYPE = YES_ERROR;
				GCC_WARN_UNDECLARED_SELECTOR = YES;
				GCC_WARN_UNINITIALIZED_AUTOS = YES_AGGRESSIVE;
				GCC_WARN_UNUSED_FUNCTION = YES;
				GCC_WARN_UNUSED_VARIABLE = YES;
				IPHONEOS_DEPLOYMENT_TARGET = 8.0;
				MTL_ENABLE_DEBUG_INFO = YES;
				ONLY_ACTIVE_ARCH = YES;
				SDKROOT = iphoneos;
				SWIFT_OPTIMIZATION_LEVEL = "-Onone";
				TARGETED_DEVICE_FAMILY = "1,2";
				VERSIONING_SYSTEM = "apple-generic";
				VERSION_INFO_PREFIX = "";
			};
			name = Debug;
		};
		0A4A84791C35F129003B372D /* Release */ = {
			isa = XCBuildConfiguration;
			buildSettings = {
				ALWAYS_SEARCH_USER_PATHS = NO;
				CLANG_CXX_LANGUAGE_STANDARD = "gnu++0x";
				CLANG_CXX_LIBRARY = "libc++";
				CLANG_ENABLE_MODULES = YES;
				CLANG_ENABLE_OBJC_ARC = YES;
				CLANG_WARN_BOOL_CONVERSION = YES;
				CLANG_WARN_CONSTANT_CONVERSION = YES;
				CLANG_WARN_DIRECT_OBJC_ISA_USAGE = YES_ERROR;
				CLANG_WARN_EMPTY_BODY = YES;
				CLANG_WARN_ENUM_CONVERSION = YES;
				CLANG_WARN_INFINITE_RECURSION = YES;
				CLANG_WARN_INT_CONVERSION = YES;
				CLANG_WARN_OBJC_ROOT_CLASS = YES_ERROR;
				CLANG_WARN_SUSPICIOUS_MOVE = YES;
				CLANG_WARN_UNREACHABLE_CODE = YES;
				CLANG_WARN__DUPLICATE_METHOD_MATCH = YES;
				"CODE_SIGN_IDENTITY[sdk=iphoneos*]" = "iPhone Developer";
				COPY_PHASE_STRIP = NO;
				CURRENT_PROJECT_VERSION = 1;
				DEBUG_INFORMATION_FORMAT = "dwarf-with-dsym";
				ENABLE_NS_ASSERTIONS = NO;
				ENABLE_STRICT_OBJC_MSGSEND = YES;
				GCC_C_LANGUAGE_STANDARD = gnu99;
				GCC_NO_COMMON_BLOCKS = YES;
				GCC_WARN_64_TO_32_BIT_CONVERSION = YES;
				GCC_WARN_ABOUT_RETURN_TYPE = YES_ERROR;
				GCC_WARN_UNDECLARED_SELECTOR = YES;
				GCC_WARN_UNINITIALIZED_AUTOS = YES_AGGRESSIVE;
				GCC_WARN_UNUSED_FUNCTION = YES;
				GCC_WARN_UNUSED_VARIABLE = YES;
				IPHONEOS_DEPLOYMENT_TARGET = 8.0;
				MTL_ENABLE_DEBUG_INFO = NO;
				SDKROOT = iphoneos;
				SWIFT_OPTIMIZATION_LEVEL = "-Owholemodule";
				TARGETED_DEVICE_FAMILY = "1,2";
				VALIDATE_PRODUCT = YES;
				VERSIONING_SYSTEM = "apple-generic";
				VERSION_INFO_PREFIX = "";
			};
			name = Release;
		};
		0A4A847B1C35F129003B372D /* Debug */ = {
			isa = XCBuildConfiguration;
			baseConfigurationReference = 5AFFC422BAC043BDEC4B3C53 /* Pods-CKNotificationKit.debug.xcconfig */;
			buildSettings = {
				CLANG_ENABLE_MODULES = YES;
				"CODE_SIGN_IDENTITY[sdk=iphoneos*]" = "";
				DEFINES_MODULE = YES;
				DYLIB_COMPATIBILITY_VERSION = 1;
				DYLIB_CURRENT_VERSION = 1;
				DYLIB_INSTALL_NAME_BASE = "@rpath";
				INFOPLIST_FILE = CKNotificationKit/Info.plist;
				INSTALL_PATH = "$(LOCAL_LIBRARY_DIR)/Frameworks";
				LD_RUNPATH_SEARCH_PATHS = "$(inherited) @executable_path/Frameworks @loader_path/Frameworks";
				PRODUCT_BUNDLE_IDENTIFIER = com.xmkevinchen.CKNotificationKit;
				PRODUCT_NAME = "$(TARGET_NAME)";
				SKIP_INSTALL = YES;
				SWIFT_OPTIMIZATION_LEVEL = "-Onone";
			};
			name = Debug;
		};
		0A4A847C1C35F129003B372D /* Release */ = {
			isa = XCBuildConfiguration;
			baseConfigurationReference = D5481521FF74EB44BE572587 /* Pods-CKNotificationKit.release.xcconfig */;
			buildSettings = {
				CLANG_ENABLE_MODULES = YES;
				"CODE_SIGN_IDENTITY[sdk=iphoneos*]" = "";
				DEFINES_MODULE = YES;
				DYLIB_COMPATIBILITY_VERSION = 1;
				DYLIB_CURRENT_VERSION = 1;
				DYLIB_INSTALL_NAME_BASE = "@rpath";
				INFOPLIST_FILE = CKNotificationKit/Info.plist;
				INSTALL_PATH = "$(LOCAL_LIBRARY_DIR)/Frameworks";
				LD_RUNPATH_SEARCH_PATHS = "$(inherited) @executable_path/Frameworks @loader_path/Frameworks";
				PRODUCT_BUNDLE_IDENTIFIER = com.xmkevinchen.CKNotificationKit;
				PRODUCT_NAME = "$(TARGET_NAME)";
				SKIP_INSTALL = YES;
			};
			name = Release;
		};
		0A5147D41C3610A9000F9FE8 /* Debug */ = {
			isa = XCBuildConfiguration;
			baseConfigurationReference = 6C55FBABDB7700CD7798F9AB /* Pods-CKNotificationKitTests.debug.xcconfig */;
			buildSettings = {
				ALWAYS_EMBED_SWIFT_STANDARD_LIBRARIES = YES;
				INFOPLIST_FILE = CKNotificationKitTests/Info.plist;
				LD_RUNPATH_SEARCH_PATHS = "$(inherited) @executable_path/Frameworks @loader_path/Frameworks";
				PRODUCT_BUNDLE_IDENTIFIER = com.xmkevinchen.CKNotificationKitTests;
				PRODUCT_NAME = "$(TARGET_NAME)";
			};
			name = Debug;
		};
		0A5147D51C3610A9000F9FE8 /* Release */ = {
			isa = XCBuildConfiguration;
			baseConfigurationReference = FE9DCECC6DFBA96AB84D6AEF /* Pods-CKNotificationKitTests.release.xcconfig */;
			buildSettings = {
				ALWAYS_EMBED_SWIFT_STANDARD_LIBRARIES = YES;
				INFOPLIST_FILE = CKNotificationKitTests/Info.plist;
				LD_RUNPATH_SEARCH_PATHS = "$(inherited) @executable_path/Frameworks @loader_path/Frameworks";
				PRODUCT_BUNDLE_IDENTIFIER = com.xmkevinchen.CKNotificationKitTests;
				PRODUCT_NAME = "$(TARGET_NAME)";
			};
			name = Release;
		};
		0A5147F01C3622DC000F9FE8 /* Debug */ = {
			isa = XCBuildConfiguration;
			baseConfigurationReference = 02C681A214088245629A2679 /* Pods-Sample.debug.xcconfig */;
			buildSettings = {
				ALWAYS_EMBED_SWIFT_STANDARD_LIBRARIES = YES;
				ASSETCATALOG_COMPILER_APPICON_NAME = AppIcon;
				CLANG_ENABLE_MODULES = YES;
				CODE_SIGN_IDENTITY = "iPhone Developer";
				INFOPLIST_FILE = Sample/Info.plist;
				IPHONEOS_DEPLOYMENT_TARGET = 8.0;
				LD_RUNPATH_SEARCH_PATHS = "$(inherited) @executable_path/Frameworks";
				PRODUCT_BUNDLE_IDENTIFIER = com.xmkevinchen.Sample;
				PRODUCT_NAME = "$(TARGET_NAME)";
				SWIFT_OBJC_BRIDGING_HEADER = "Sample/Sample-Bridging-Header.h";
				SWIFT_OPTIMIZATION_LEVEL = "-Owholemodule";
			};
			name = Debug;
		};
		0A5147F11C3622DC000F9FE8 /* Release */ = {
			isa = XCBuildConfiguration;
			baseConfigurationReference = 503184E3EBE51750EBD526A1 /* Pods-Sample.release.xcconfig */;
			buildSettings = {
				ALWAYS_EMBED_SWIFT_STANDARD_LIBRARIES = YES;
				ASSETCATALOG_COMPILER_APPICON_NAME = AppIcon;
				CLANG_ENABLE_MODULES = YES;
				CODE_SIGN_IDENTITY = "iPhone Developer";
				INFOPLIST_FILE = Sample/Info.plist;
				IPHONEOS_DEPLOYMENT_TARGET = 8.0;
				LD_RUNPATH_SEARCH_PATHS = "$(inherited) @executable_path/Frameworks";
				PRODUCT_BUNDLE_IDENTIFIER = com.xmkevinchen.Sample;
				PRODUCT_NAME = "$(TARGET_NAME)";
				SWIFT_OBJC_BRIDGING_HEADER = "Sample/Sample-Bridging-Header.h";
				SWIFT_OPTIMIZATION_LEVEL = "-Owholemodule";
			};
			name = Release;
		};
/* End XCBuildConfiguration section */

/* Begin XCConfigurationList section */
		0A4A846C1C35F129003B372D /* Build configuration list for PBXProject "CKNotificationKit" */ = {
			isa = XCConfigurationList;
			buildConfigurations = (
				0A4A84781C35F129003B372D /* Debug */,
				0A4A84791C35F129003B372D /* Release */,
			);
			defaultConfigurationIsVisible = 0;
			defaultConfigurationName = Release;
		};
		0A4A847A1C35F129003B372D /* Build configuration list for PBXNativeTarget "CKNotificationKit" */ = {
			isa = XCConfigurationList;
			buildConfigurations = (
				0A4A847B1C35F129003B372D /* Debug */,
				0A4A847C1C35F129003B372D /* Release */,
			);
			defaultConfigurationIsVisible = 0;
			defaultConfigurationName = Release;
		};
		0A5147D61C3610A9000F9FE8 /* Build configuration list for PBXNativeTarget "CKNotificationKitTests" */ = {
			isa = XCConfigurationList;
			buildConfigurations = (
				0A5147D41C3610A9000F9FE8 /* Debug */,
				0A5147D51C3610A9000F9FE8 /* Release */,
			);
			defaultConfigurationIsVisible = 0;
			defaultConfigurationName = Release;
		};
		0A5147F21C3622DC000F9FE8 /* Build configuration list for PBXNativeTarget "Sample" */ = {
			isa = XCConfigurationList;
			buildConfigurations = (
				0A5147F01C3622DC000F9FE8 /* Debug */,
				0A5147F11C3622DC000F9FE8 /* Release */,
			);
			defaultConfigurationIsVisible = 0;
			defaultConfigurationName = Release;
		};
/* End XCConfigurationList section */
	};
	rootObject = 0A4A84691C35F129003B372D /* Project object */;
}
